
Microsoft Visual Studio Solution File, Format Version 12.00
# Visual Studio 14
VisualStudioVersion = 14.0.25420.1
MinimumVisualStudioVersion = 10.0.40219.1
Project("{2150E333-8FDC-42A3-9474-1A3956D46DE8}") = "src", "src", "{640A91DB-D3CC-4702-8ECB-12D4D9E73D1D}"
EndProject
Project("{2150E333-8FDC-42A3-9474-1A3956D46DE8}") = "Solution Items", "Solution Items", "{A74FD9B3-2AB1-4D54-9E14-E845CEB38127}"
	ProjectSection(SolutionItems) = preProject
		global.json = global.json
	EndProjectSection
EndProject
Project("{8BB2217D-0F2D-49D1-97BC-3654ED321F3B}") = "LivePerformance2", "src\LivePerformance2\LivePerformance2.xproj", "{C5B3A2E0-B805-48E8-B879-237761607E01}"
EndProject
Global
	GlobalSection(SolutionConfigurationPlatforms) = preSolution
		Debug|Any CPU = Debug|Any CPU
		Release|Any CPU = Release|Any CPU
	EndGlobalSection
	GlobalSection(ProjectConfigurationPlatforms) = postSolution
		{C5B3A2E0-B805-48E8-B879-237761607E01}.Debug|Any CPU.ActiveCfg = Debug|Any CPU
		{C5B3A2E0-B805-48E8-B879-237761607E01}.Debug|Any CPU.Build.0 = Debug|Any CPU
		{C5B3A2E0-B805-48E8-B879-237761607E01}.Release|Any CPU.ActiveCfg = Release|Any CPU
		{C5B3A2E0-B805-48E8-B879-237761607E01}.Release|Any CPU.Build.0 = Release|Any CPU
	EndGlobalSection
	GlobalSection(SolutionProperties) = preSolution
		HideSolutionNode = FALSE
	EndGlobalSection
	GlobalSection(NestedProjects) = preSolution
		{C5B3A2E0-B805-48E8-B879-237761607E01} = {640A91DB-D3CC-4702-8ECB-12D4D9E73D1D}
	EndGlobalSection
EndGlobal
